// !$*UTF8*$!
{
	archiveVersion = 1;
	classes = {
	};
	objectVersion = 56;
	objects = {

/* Begin PBXBuildFile section */
		55EADA8129CFA58300977CEB /* TouchdownApp.swift in Sources */ = {isa = PBXBuildFile; fileRef = 55EADA8029CFA58300977CEB /* TouchdownApp.swift */; };
		55EADA8329CFA58300977CEB /* ContentView.swift in Sources */ = {isa = PBXBuildFile; fileRef = 55EADA8229CFA58300977CEB /* ContentView.swift */; };
		55EADA8529CFA58400977CEB /* Assets.xcassets in Resources */ = {isa = PBXBuildFile; fileRef = 55EADA8429CFA58400977CEB /* Assets.xcassets */; };
		55EADA8829CFA58400977CEB /* Preview Assets.xcassets in Resources */ = {isa = PBXBuildFile; fileRef = 55EADA8729CFA58400977CEB /* Preview Assets.xcassets */; };
		55EADA9229CFA73A00977CEB /* brand.json in Resources */ = {isa = PBXBuildFile; fileRef = 55EADA8E29CFA73A00977CEB /* brand.json */; };
		55EADA9329CFA73A00977CEB /* player.json in Resources */ = {isa = PBXBuildFile; fileRef = 55EADA8F29CFA73A00977CEB /* player.json */; };
		55EADA9429CFA73A00977CEB /* category.json in Resources */ = {isa = PBXBuildFile; fileRef = 55EADA9029CFA73A00977CEB /* category.json */; };
		55EADA9529CFA73A00977CEB /* product.json in Resources */ = {isa = PBXBuildFile; fileRef = 55EADA9129CFA73A00977CEB /* product.json */; };
		55EADAA029CFA92400977CEB /* Constants.swift in Sources */ = {isa = PBXBuildFile; fileRef = 55EADA9F29CFA92400977CEB /* Constants.swift */; };
		55EADAA229CFA9A200977CEB /* FooterView.swift in Sources */ = {isa = PBXBuildFile; fileRef = 55EADAA129CFA9A200977CEB /* FooterView.swift */; };
		55EADAA429D02AEE00977CEB /* NavigationBarView.swift in Sources */ = {isa = PBXBuildFile; fileRef = 55EADAA329D02AEE00977CEB /* NavigationBarView.swift */; };
		55EADAA629D02BE200977CEB /* LogoView.swift in Sources */ = {isa = PBXBuildFile; fileRef = 55EADAA529D02BE200977CEB /* LogoView.swift */; };
		55EADAA829D0313400977CEB /* PlayerModel.swift in Sources */ = {isa = PBXBuildFile; fileRef = 55EADAA729D0313400977CEB /* PlayerModel.swift */; };
		55EADAAA29D0466000977CEB /* ProductModel.swift in Sources */ = {isa = PBXBuildFile; fileRef = 55EADAA929D0466000977CEB /* ProductModel.swift */; };
		55EADAAC29D0467600977CEB /* CategoryModel.swift in Sources */ = {isa = PBXBuildFile; fileRef = 55EADAAB29D0467600977CEB /* CategoryModel.swift */; };
		55EADAAE29D0468900977CEB /* BrandModel.swift in Sources */ = {isa = PBXBuildFile; fileRef = 55EADAAD29D0468900977CEB /* BrandModel.swift */; };
		55EADAB029D046C300977CEB /* CodableBundleExtension.swift in Sources */ = {isa = PBXBuildFile; fileRef = 55EADAAF29D046C300977CEB /* CodableBundleExtension.swift */; };
		55EADAB229D0494700977CEB /* FeaturedItemView.swift in Sources */ = {isa = PBXBuildFile; fileRef = 55EADAB129D0494700977CEB /* FeaturedItemView.swift */; };
		55EADAB429D04A4F00977CEB /* FeaturedTabView.swift in Sources */ = {isa = PBXBuildFile; fileRef = 55EADAB329D04A4F00977CEB /* FeaturedTabView.swift */; };
		55EADAB629D04FE100977CEB /* CategoryItemView.swift in Sources */ = {isa = PBXBuildFile; fileRef = 55EADAB529D04FE100977CEB /* CategoryItemView.swift */; };
		55EADAB829D050DA00977CEB /* CategoryGridView.swift in Sources */ = {isa = PBXBuildFile; fileRef = 55EADAB729D050DA00977CEB /* CategoryGridView.swift */; };
		55EADABA29D052CB00977CEB /* SectionView.swift in Sources */ = {isa = PBXBuildFile; fileRef = 55EADAB929D052CB00977CEB /* SectionView.swift */; };
/* End PBXBuildFile section */

/* Begin PBXFileReference section */
		55EADA7D29CFA58300977CEB /* Touchdown.app */ = {isa = PBXFileReference; explicitFileType = wrapper.application; includeInIndex = 0; path = Touchdown.app; sourceTree = BUILT_PRODUCTS_DIR; };
		55EADA8029CFA58300977CEB /* TouchdownApp.swift */ = {isa = PBXFileReference; lastKnownFileType = sourcecode.swift; path = TouchdownApp.swift; sourceTree = "<group>"; };
		55EADA8229CFA58300977CEB /* ContentView.swift */ = {isa = PBXFileReference; lastKnownFileType = sourcecode.swift; path = ContentView.swift; sourceTree = "<group>"; };
		55EADA8429CFA58400977CEB /* Assets.xcassets */ = {isa = PBXFileReference; lastKnownFileType = folder.assetcatalog; path = Assets.xcassets; sourceTree = "<group>"; };
		55EADA8729CFA58400977CEB /* Preview Assets.xcassets */ = {isa = PBXFileReference; lastKnownFileType = folder.assetcatalog; path = "Preview Assets.xcassets"; sourceTree = "<group>"; };
		55EADA8E29CFA73A00977CEB /* brand.json */ = {isa = PBXFileReference; fileEncoding = 4; lastKnownFileType = text.json; path = brand.json; sourceTree = "<group>"; };
		55EADA8F29CFA73A00977CEB /* player.json */ = {isa = PBXFileReference; fileEncoding = 4; lastKnownFileType = text.json; path = player.json; sourceTree = "<group>"; };
		55EADA9029CFA73A00977CEB /* category.json */ = {isa = PBXFileReference; fileEncoding = 4; lastKnownFileType = text.json; path = category.json; sourceTree = "<group>"; };
		55EADA9129CFA73A00977CEB /* product.json */ = {isa = PBXFileReference; fileEncoding = 4; lastKnownFileType = text.json; path = product.json; sourceTree = "<group>"; };
		55EADA9729CFA79700977CEB /* Info.plist */ = {isa = PBXFileReference; lastKnownFileType = text.plist; path = Info.plist; sourceTree = "<group>"; };
		55EADA9F29CFA92400977CEB /* Constants.swift */ = {isa = PBXFileReference; lastKnownFileType = sourcecode.swift; path = Constants.swift; sourceTree = "<group>"; };
		55EADAA129CFA9A200977CEB /* FooterView.swift */ = {isa = PBXFileReference; lastKnownFileType = sourcecode.swift; path = FooterView.swift; sourceTree = "<group>"; };
		55EADAA329D02AEE00977CEB /* NavigationBarView.swift */ = {isa = PBXFileReference; lastKnownFileType = sourcecode.swift; path = NavigationBarView.swift; sourceTree = "<group>"; };
		55EADAA529D02BE200977CEB /* LogoView.swift */ = {isa = PBXFileReference; lastKnownFileType = sourcecode.swift; path = LogoView.swift; sourceTree = "<group>"; };
		55EADAA729D0313400977CEB /* PlayerModel.swift */ = {isa = PBXFileReference; lastKnownFileType = sourcecode.swift; path = PlayerModel.swift; sourceTree = "<group>"; };
		55EADAA929D0466000977CEB /* ProductModel.swift */ = {isa = PBXFileReference; lastKnownFileType = sourcecode.swift; path = ProductModel.swift; sourceTree = "<group>"; };
		55EADAAB29D0467600977CEB /* CategoryModel.swift */ = {isa = PBXFileReference; lastKnownFileType = sourcecode.swift; path = CategoryModel.swift; sourceTree = "<group>"; };
		55EADAAD29D0468900977CEB /* BrandModel.swift */ = {isa = PBXFileReference; lastKnownFileType = sourcecode.swift; path = BrandModel.swift; sourceTree = "<group>"; };
		55EADAAF29D046C300977CEB /* CodableBundleExtension.swift */ = {isa = PBXFileReference; lastKnownFileType = sourcecode.swift; path = CodableBundleExtension.swift; sourceTree = "<group>"; };
		55EADAB129D0494700977CEB /* FeaturedItemView.swift */ = {isa = PBXFileReference; lastKnownFileType = sourcecode.swift; path = FeaturedItemView.swift; sourceTree = "<group>"; };
		55EADAB329D04A4F00977CEB /* FeaturedTabView.swift */ = {isa = PBXFileReference; lastKnownFileType = sourcecode.swift; path = FeaturedTabView.swift; sourceTree = "<group>"; };
		55EADAB529D04FE100977CEB /* CategoryItemView.swift */ = {isa = PBXFileReference; lastKnownFileType = sourcecode.swift; path = CategoryItemView.swift; sourceTree = "<group>"; };
		55EADAB729D050DA00977CEB /* CategoryGridView.swift */ = {isa = PBXFileReference; lastKnownFileType = sourcecode.swift; path = CategoryGridView.swift; sourceTree = "<group>"; };
		55EADAB929D052CB00977CEB /* SectionView.swift */ = {isa = PBXFileReference; lastKnownFileType = sourcecode.swift; path = SectionView.swift; sourceTree = "<group>"; };
/* End PBXFileReference section */

/* Begin PBXFrameworksBuildPhase section */
		55EADA7A29CFA58300977CEB /* Frameworks */ = {
			isa = PBXFrameworksBuildPhase;
			buildActionMask = 2147483647;
			files = (
			);
			runOnlyForDeploymentPostprocessing = 0;
		};
/* End PBXFrameworksBuildPhase section */

/* Begin PBXGroup section */
		55EADA7429CFA58300977CEB = {
			isa = PBXGroup;
			children = (
				55EADA7F29CFA58300977CEB /* Touchdown */,
				55EADA7E29CFA58300977CEB /* Products */,
			);
			sourceTree = "<group>";
		};
		55EADA7E29CFA58300977CEB /* Products */ = {
			isa = PBXGroup;
			children = (
				55EADA7D29CFA58300977CEB /* Touchdown.app */,
			);
			name = Products;
			sourceTree = "<group>";
		};
		55EADA7F29CFA58300977CEB /* Touchdown */ = {
			isa = PBXGroup;
			children = (
				55EADA9629CFA74300977CEB /* Data */,
				55EADA9E29CFA87A00977CEB /* Models */,
				55EADA9D29CFA86D00977CEB /* Utilities */,
				55EADA9C29CFA86600977CEB /* Extensions */,
				55EADA9929CFA85100977CEB /* Views */,
				55EADA9729CFA79700977CEB /* Info.plist */,
				55EADA9829CFA84B00977CEB /* App */,
				55EADA8429CFA58400977CEB /* Assets.xcassets */,
				55EADA8629CFA58400977CEB /* Preview Content */,
			);
			path = Touchdown;
			sourceTree = "<group>";
		};
		55EADA8629CFA58400977CEB /* Preview Content */ = {
			isa = PBXGroup;
			children = (
				55EADA8729CFA58400977CEB /* Preview Assets.xcassets */,
			);
			path = "Preview Content";
			sourceTree = "<group>";
		};
		55EADA9629CFA74300977CEB /* Data */ = {
			isa = PBXGroup;
			children = (
				55EADA8E29CFA73A00977CEB /* brand.json */,
				55EADA9029CFA73A00977CEB /* category.json */,
				55EADA8F29CFA73A00977CEB /* player.json */,
				55EADA9129CFA73A00977CEB /* product.json */,
			);
			path = Data;
			sourceTree = "<group>";
		};
		55EADA9829CFA84B00977CEB /* App */ = {
			isa = PBXGroup;
			children = (
				55EADA8029CFA58300977CEB /* TouchdownApp.swift */,
				55EADA8229CFA58300977CEB /* ContentView.swift */,
			);
			path = App;
			sourceTree = "<group>";
		};
		55EADA9929CFA85100977CEB /* Views */ = {
			isa = PBXGroup;
			children = (
				55EADA9B29CFA85D00977CEB /* Detail */,
				55EADA9A29CFA85800977CEB /* Home */,
			);
			path = Views;
			sourceTree = "<group>";
		};
		55EADA9A29CFA85800977CEB /* Home */ = {
			isa = PBXGroup;
			children = (
				55EADAA129CFA9A200977CEB /* FooterView.swift */,
				55EADAA329D02AEE00977CEB /* NavigationBarView.swift */,
				55EADAA529D02BE200977CEB /* LogoView.swift */,
				55EADAB129D0494700977CEB /* FeaturedItemView.swift */,
				55EADAB329D04A4F00977CEB /* FeaturedTabView.swift */,
				55EADAB529D04FE100977CEB /* CategoryItemView.swift */,
				55EADAB729D050DA00977CEB /* CategoryGridView.swift */,
				55EADAB929D052CB00977CEB /* SectionView.swift */,
			);
			path = Home;
			sourceTree = "<group>";
		};
		55EADA9B29CFA85D00977CEB /* Detail */ = {
			isa = PBXGroup;
			children = (
			);
			path = Detail;
			sourceTree = "<group>";
		};
		55EADA9C29CFA86600977CEB /* Extensions */ = {
			isa = PBXGroup;
			children = (
				55EADAAF29D046C300977CEB /* CodableBundleExtension.swift */,
			);
			path = Extensions;
			sourceTree = "<group>";
		};
		55EADA9D29CFA86D00977CEB /* Utilities */ = {
			isa = PBXGroup;
			children = (
				55EADA9F29CFA92400977CEB /* Constants.swift */,
			);
			path = Utilities;
			sourceTree = "<group>";
		};
		55EADA9E29CFA87A00977CEB /* Models */ = {
			isa = PBXGroup;
			children = (
				55EADAA729D0313400977CEB /* PlayerModel.swift */,
				55EADAA929D0466000977CEB /* ProductModel.swift */,
				55EADAAB29D0467600977CEB /* CategoryModel.swift */,
				55EADAAD29D0468900977CEB /* BrandModel.swift */,
			);
			path = Models;
			sourceTree = "<group>";
		};
/* End PBXGroup section */

/* Begin PBXNativeTarget section */
		55EADA7C29CFA58300977CEB /* Touchdown */ = {
			isa = PBXNativeTarget;
			buildConfigurationList = 55EADA8B29CFA58400977CEB /* Build configuration list for PBXNativeTarget "Touchdown" */;
			buildPhases = (
				55EADA7929CFA58300977CEB /* Sources */,
				55EADA7A29CFA58300977CEB /* Frameworks */,
				55EADA7B29CFA58300977CEB /* Resources */,
			);
			buildRules = (
			);
			dependencies = (
			);
			name = Touchdown;
			productName = Touchdown;
			productReference = 55EADA7D29CFA58300977CEB /* Touchdown.app */;
			productType = "com.apple.product-type.application";
		};
/* End PBXNativeTarget section */

/* Begin PBXProject section */
		55EADA7529CFA58300977CEB /* Project object */ = {
			isa = PBXProject;
			attributes = {
				BuildIndependentTargetsInParallel = 1;
				LastSwiftUpdateCheck = 1420;
				LastUpgradeCheck = 1420;
				TargetAttributes = {
					55EADA7C29CFA58300977CEB = {
						CreatedOnToolsVersion = 14.2;
					};
				};
			};
			buildConfigurationList = 55EADA7829CFA58300977CEB /* Build configuration list for PBXProject "Touchdown" */;
			compatibilityVersion = "Xcode 14.0";
			developmentRegion = en;
			hasScannedForEncodings = 0;
			knownRegions = (
				en,
				Base,
			);
			mainGroup = 55EADA7429CFA58300977CEB;
			productRefGroup = 55EADA7E29CFA58300977CEB /* Products */;
			projectDirPath = "";
			projectRoot = "";
			targets = (
				55EADA7C29CFA58300977CEB /* Touchdown */,
			);
		};
/* End PBXProject section */

/* Begin PBXResourcesBuildPhase section */
		55EADA7B29CFA58300977CEB /* Resources */ = {
			isa = PBXResourcesBuildPhase;
			buildActionMask = 2147483647;
			files = (
				55EADA9329CFA73A00977CEB /* player.json in Resources */,
				55EADA8829CFA58400977CEB /* Preview Assets.xcassets in Resources */,
				55EADA9429CFA73A00977CEB /* category.json in Resources */,
				55EADA8529CFA58400977CEB /* Assets.xcassets in Resources */,
				55EADA9229CFA73A00977CEB /* brand.json in Resources */,
				55EADA9529CFA73A00977CEB /* product.json in Resources */,
			);
			runOnlyForDeploymentPostprocessing = 0;
		};
/* End PBXResourcesBuildPhase section */

/* Begin PBXSourcesBuildPhase section */
		55EADA7929CFA58300977CEB /* Sources */ = {
			isa = PBXSourcesBuildPhase;
			buildActionMask = 2147483647;
			files = (
				55EADA8329CFA58300977CEB /* ContentView.swift in Sources */,
				55EADAB029D046C300977CEB /* CodableBundleExtension.swift in Sources */,
				55EADAA629D02BE200977CEB /* LogoView.swift in Sources */,
				55EADAB829D050DA00977CEB /* CategoryGridView.swift in Sources */,
				55EADAB629D04FE100977CEB /* CategoryItemView.swift in Sources */,
				55EADAA229CFA9A200977CEB /* FooterView.swift in Sources */,
				55EADA8129CFA58300977CEB /* TouchdownApp.swift in Sources */,
				55EADAB429D04A4F00977CEB /* FeaturedTabView.swift in Sources */,
				55EADAA029CFA92400977CEB /* Constants.swift in Sources */,
				55EADAA429D02AEE00977CEB /* NavigationBarView.swift in Sources */,
				55EADAB229D0494700977CEB /* FeaturedItemView.swift in Sources */,
				55EADAA829D0313400977CEB /* PlayerModel.swift in Sources */,
				55EADABA29D052CB00977CEB /* SectionView.swift in Sources */,
				55EADAAE29D0468900977CEB /* BrandModel.swift in Sources */,
				55EADAAC29D0467600977CEB /* CategoryModel.swift in Sources */,
				55EADAAA29D0466000977CEB /* ProductModel.swift in Sources */,
			);
			runOnlyForDeploymentPostprocessing = 0;
		};
/* End PBXSourcesBuildPhase section */

/* Begin XCBuildConfiguration section */
		55EADA8929CFA58400977CEB /* Debug */ = {
			isa = XCBuildConfiguration;
			buildSettings = {
				ALWAYS_SEARCH_USER_PATHS = NO;
				CLANG_ANALYZER_NONNULL = YES;
				CLANG_ANALYZER_NUMBER_OBJECT_CONVERSION = YES_AGGRESSIVE;
				CLANG_CXX_LANGUAGE_STANDARD = "gnu++20";
				CLANG_ENABLE_MODULES = YES;
				CLANG_ENABLE_OBJC_ARC = YES;
				CLANG_ENABLE_OBJC_WEAK = YES;
				CLANG_WARN_BLOCK_CAPTURE_AUTORELEASING = YES;
				CLANG_WARN_BOOL_CONVERSION = YES;
				CLANG_WARN_COMMA = YES;
				CLANG_WARN_CONSTANT_CONVERSION = YES;
				CLANG_WARN_DEPRECATED_OBJC_IMPLEMENTATIONS = YES;
				CLANG_WARN_DIRECT_OBJC_ISA_USAGE = YES_ERROR;
				CLANG_WARN_DOCUMENTATION_COMMENTS = YES;
				CLANG_WARN_EMPTY_BODY = YES;
				CLANG_WARN_ENUM_CONVERSION = YES;
				CLANG_WARN_INFINITE_RECURSION = YES;
				CLANG_WARN_INT_CONVERSION = YES;
				CLANG_WARN_NON_LITERAL_NULL_CONVERSION = YES;
				CLANG_WARN_OBJC_IMPLICIT_RETAIN_SELF = YES;
				CLANG_WARN_OBJC_LITERAL_CONVERSION = YES;
				CLANG_WARN_OBJC_ROOT_CLASS = YES_ERROR;
				CLANG_WARN_QUOTED_INCLUDE_IN_FRAMEWORK_HEADER = YES;
				CLANG_WARN_RANGE_LOOP_ANALYSIS = YES;
				CLANG_WARN_STRICT_PROTOTYPES = YES;
				CLANG_WARN_SUSPICIOUS_MOVE = YES;
				CLANG_WARN_UNGUARDED_AVAILABILITY = YES_AGGRESSIVE;
				CLANG_WARN_UNREACHABLE_CODE = YES;
				CLANG_WARN__DUPLICATE_METHOD_MATCH = YES;
				COPY_PHASE_STRIP = NO;
				DEBUG_INFORMATION_FORMAT = dwarf;
				ENABLE_STRICT_OBJC_MSGSEND = YES;
				ENABLE_TESTABILITY = YES;
				GCC_C_LANGUAGE_STANDARD = gnu11;
				GCC_DYNAMIC_NO_PIC = NO;
				GCC_NO_COMMON_BLOCKS = YES;
				GCC_OPTIMIZATION_LEVEL = 0;
				GCC_PREPROCESSOR_DEFINITIONS = (
					"DEBUG=1",
					"$(inherited)",
				);
				GCC_WARN_64_TO_32_BIT_CONVERSION = YES;
				GCC_WARN_ABOUT_RETURN_TYPE = YES_ERROR;
				GCC_WARN_UNDECLARED_SELECTOR = YES;
				GCC_WARN_UNINITIALIZED_AUTOS = YES_AGGRESSIVE;
				GCC_WARN_UNUSED_FUNCTION = YES;
				GCC_WARN_UNUSED_VARIABLE = YES;
				IPHONEOS_DEPLOYMENT_TARGET = 16.2;
				MTL_ENABLE_DEBUG_INFO = INCLUDE_SOURCE;
				MTL_FAST_MATH = YES;
				ONLY_ACTIVE_ARCH = YES;
				SDKROOT = iphoneos;
				SWIFT_ACTIVE_COMPILATION_CONDITIONS = DEBUG;
				SWIFT_OPTIMIZATION_LEVEL = "-Onone";
			};
			name = Debug;
		};
		55EADA8A29CFA58400977CEB /* Release */ = {
			isa = XCBuildConfiguration;
			buildSettings = {
				ALWAYS_SEARCH_USER_PATHS = NO;
				CLANG_ANALYZER_NONNULL = YES;
				CLANG_ANALYZER_NUMBER_OBJECT_CONVERSION = YES_AGGRESSIVE;
				CLANG_CXX_LANGUAGE_STANDARD = "gnu++20";
				CLANG_ENABLE_MODULES = YES;
				CLANG_ENABLE_OBJC_ARC = YES;
				CLANG_ENABLE_OBJC_WEAK = YES;
				CLANG_WARN_BLOCK_CAPTURE_AUTORELEASING = YES;
				CLANG_WARN_BOOL_CONVERSION = YES;
				CLANG_WARN_COMMA = YES;
				CLANG_WARN_CONSTANT_CONVERSION = YES;
				CLANG_WARN_DEPRECATED_OBJC_IMPLEMENTATIONS = YES;
				CLANG_WARN_DIRECT_OBJC_ISA_USAGE = YES_ERROR;
				CLANG_WARN_DOCUMENTATION_COMMENTS = YES;
				CLANG_WARN_EMPTY_BODY = YES;
				CLANG_WARN_ENUM_CONVERSION = YES;
				CLANG_WARN_INFINITE_RECURSION = YES;
				CLANG_WARN_INT_CONVERSION = YES;
				CLANG_WARN_NON_LITERAL_NULL_CONVERSION = YES;
				CLANG_WARN_OBJC_IMPLICIT_RETAIN_SELF = YES;
				CLANG_WARN_OBJC_LITERAL_CONVERSION = YES;
				CLANG_WARN_OBJC_ROOT_CLASS = YES_ERROR;
				CLANG_WARN_QUOTED_INCLUDE_IN_FRAMEWORK_HEADER = YES;
				CLANG_WARN_RANGE_LOOP_ANALYSIS = YES;
				CLANG_WARN_STRICT_PROTOTYPES = YES;
				CLANG_WARN_SUSPICIOUS_MOVE = YES;
				CLANG_WARN_UNGUARDED_AVAILABILITY = YES_AGGRESSIVE;
				CLANG_WARN_UNREACHABLE_CODE = YES;
				CLANG_WARN__DUPLICATE_METHOD_MATCH = YES;
				COPY_PHASE_STRIP = NO;
				DEBUG_INFORMATION_FORMAT = "dwarf-with-dsym";
				ENABLE_NS_ASSERTIONS = NO;
				ENABLE_STRICT_OBJC_MSGSEND = YES;
				GCC_C_LANGUAGE_STANDARD = gnu11;
				GCC_NO_COMMON_BLOCKS = YES;
				GCC_WARN_64_TO_32_BIT_CONVERSION = YES;
				GCC_WARN_ABOUT_RETURN_TYPE = YES_ERROR;
				GCC_WARN_UNDECLARED_SELECTOR = YES;
				GCC_WARN_UNINITIALIZED_AUTOS = YES_AGGRESSIVE;
				GCC_WARN_UNUSED_FUNCTION = YES;
				GCC_WARN_UNUSED_VARIABLE = YES;
				IPHONEOS_DEPLOYMENT_TARGET = 16.2;
				MTL_ENABLE_DEBUG_INFO = NO;
				MTL_FAST_MATH = YES;
				SDKROOT = iphoneos;
				SWIFT_COMPILATION_MODE = wholemodule;
				SWIFT_OPTIMIZATION_LEVEL = "-O";
				VALIDATE_PRODUCT = YES;
			};
			name = Release;
		};
		55EADA8C29CFA58400977CEB /* Debug */ = {
			isa = XCBuildConfiguration;
			buildSettings = {
				ASSETCATALOG_COMPILER_APPICON_NAME = AppIcon;
				ASSETCATALOG_COMPILER_GLOBAL_ACCENT_COLOR_NAME = AccentColor;
				CODE_SIGN_STYLE = Automatic;
				CURRENT_PROJECT_VERSION = 1;
				DEVELOPMENT_ASSET_PATHS = "\"Touchdown/Preview Content\"";
				DEVELOPMENT_TEAM = 3W6S8FM5ZF;
				ENABLE_PREVIEWS = YES;
				GENERATE_INFOPLIST_FILE = YES;
				INFOPLIST_FILE = Touchdown/Info.plist;
				INFOPLIST_KEY_UIApplicationSceneManifest_Generation = YES;
				INFOPLIST_KEY_UIApplicationSupportsIndirectInputEvents = YES;
				INFOPLIST_KEY_UISupportedInterfaceOrientations = UIInterfaceOrientationPortrait;
				INFOPLIST_KEY_UISupportedInterfaceOrientations_iPad = "UIInterfaceOrientationLandscapeLeft UIInterfaceOrientationLandscapeRight UIInterfaceOrientationPortrait UIInterfaceOrientationPortraitUpsideDown";
				INFOPLIST_KEY_UIUserInterfaceStyle = Light;
				LD_RUNPATH_SEARCH_PATHS = (
					"$(inherited)",
					"@executable_path/Frameworks",
				);
				MARKETING_VERSION = 1.0;
				PRODUCT_BUNDLE_IDENTIFIER = com.iniongungroup.Touchdown;
				PRODUCT_NAME = "$(TARGET_NAME)";
				SWIFT_EMIT_LOC_STRINGS = YES;
				SWIFT_VERSION = 5.0;
				TARGETED_DEVICE_FAMILY = "1,2";
			};
			name = Debug;
		};
		55EADA8D29CFA58400977CEB /* Release */ = {
			isa = XCBuildConfiguration;
			buildSettings = {
				ASSETCATALOG_COMPILER_APPICON_NAME = AppIcon;
				ASSETCATALOG_COMPILER_GLOBAL_ACCENT_COLOR_NAME = AccentColor;
				CODE_SIGN_STYLE = Automatic;
				CURRENT_PROJECT_VERSION = 1;
				DEVELOPMENT_ASSET_PATHS = "\"Touchdown/Preview Content\"";
				DEVELOPMENT_TEAM = 3W6S8FM5ZF;
				ENABLE_PREVIEWS = YES;
				GENERATE_INFOPLIST_FILE = YES;
				INFOPLIST_FILE = Touchdown/Info.plist;
				INFOPLIST_KEY_UIApplicationSceneManifest_Generation = YES;
				INFOPLIST_KEY_UIApplicationSupportsIndirectInputEvents = YES;
				INFOPLIST_KEY_UISupportedInterfaceOrientations = UIInterfaceOrientationPortrait;
				INFOPLIST_KEY_UISupportedInterfaceOrientations_iPad = "UIInterfaceOrientationLandscapeLeft UIInterfaceOrientationLandscapeRight UIInterfaceOrientationPortrait UIInterfaceOrientationPortraitUpsideDown";
				INFOPLIST_KEY_UIUserInterfaceStyle = Light;
				LD_RUNPATH_SEARCH_PATHS = (
					"$(inherited)",
					"@executable_path/Frameworks",
				);
				MARKETING_VERSION = 1.0;
				PRODUCT_BUNDLE_IDENTIFIER = com.iniongungroup.Touchdown;
				PRODUCT_NAME = "$(TARGET_NAME)";
				SWIFT_EMIT_LOC_STRINGS = YES;
				SWIFT_VERSION = 5.0;
				TARGETED_DEVICE_FAMILY = "1,2";
			};
			name = Release;
		};
/* End XCBuildConfiguration section */

/* Begin XCConfigurationList section */
		55EADA7829CFA58300977CEB /* Build configuration list for PBXProject "Touchdown" */ = {
			isa = XCConfigurationList;
			buildConfigurations = (
				55EADA8929CFA58400977CEB /* Debug */,
				55EADA8A29CFA58400977CEB /* Release */,
			);
			defaultConfigurationIsVisible = 0;
			defaultConfigurationName = Release;
		};
		55EADA8B29CFA58400977CEB /* Build configuration list for PBXNativeTarget "Touchdown" */ = {
			isa = XCConfigurationList;
			buildConfigurations = (
				55EADA8C29CFA58400977CEB /* Debug */,
				55EADA8D29CFA58400977CEB /* Release */,
			);
			defaultConfigurationIsVisible = 0;
			defaultConfigurationName = Release;
		};
/* End XCConfigurationList section */
	};
	rootObject = 55EADA7529CFA58300977CEB /* Project object */;
}
